
Microsoft Visual Studio Solution File, Format Version 12.00
# Visual Studio Version 17
VisualStudioVersion = 17.8.34330.188
MinimumVisualStudioVersion = 10.0.40219.1
Project("{FAE04EC0-301F-11D3-BF4B-00C04F79EFBC}") = "MusicPlayer", "MusicPlayer\MusicPlayer.csproj", "{94448307-4D0E-49C6-BB99-22CC810EC75A}"
EndProject
Global
	GlobalSection(SolutionConfigurationPlatforms) = preSolution
		Debug|Any CPU = Debug|Any CPU
		Release|Any CPU = Release|Any CPU
	EndGlobalSection
	GlobalSection(ProjectConfigurationPlatforms) = postSolution
		{94448307-4D0E-49C6-BB99-22CC810EC75A}.Debug|Any CPU.ActiveCfg = Debug|Any CPU
		{94448307-4D0E-49C6-BB99-22CC810EC75A}.Debug|Any CPU.Build.0 = Debug|Any CPU
		{94448307-4D0E-49C6-BB99-22CC810EC75A}.Release|Any CPU.ActiveCfg = Release|Any CPU
		{94448307-4D0E-49C6-BB99-22CC810EC75A}.Release|Any CPU.Build.0 = Release|Any CPU
	EndGlobalSection
	GlobalSection(SolutionProperties) = preSolution
		HideSolutionNode = FALSE
	EndGlobalSection
	GlobalSection(ExtensibilityGlobals) = postSolution
		SolutionGuid = {55808155-211C-4E25-9913-4CC4AC26A607}
	EndGlobalSection
EndGlobal
